
Microsoft Visual Studio Solution File, Format Version 12.00
# Visual Studio Version 16
VisualStudioVersion = 16.0.31019.35
MinimumVisualStudioVersion = 10.0.40219.1
Project("{9A19103F-16F7-4668-BE54-9A1E7A4F7556}") = "EventRouterFunc", "EventRouterFunc\EventRouterFunc.csproj", "{36702620-3D98-49EF-99A5-743990881DA4}"
EndProject
Global
	GlobalSection(SolutionConfigurationPlatforms) = preSolution
		Debug|Any CPU = Debug|Any CPU
		Release|Any CPU = Release|Any CPU
	EndGlobalSection
	GlobalSection(ProjectConfigurationPlatforms) = postSolution
		{36702620-3D98-49EF-99A5-743990881DA4}.Debug|Any CPU.ActiveCfg = Debug|Any CPU
		{36702620-3D98-49EF-99A5-743990881DA4}.Debug|Any CPU.Build.0 = Debug|Any CPU
		{36702620-3D98-49EF-99A5-743990881DA4}.Release|Any CPU.ActiveCfg = Release|Any CPU
		{36702620-3D98-49EF-99A5-743990881DA4}.Release|Any CPU.Build.0 = Release|Any CPU
	EndGlobalSection
	GlobalSection(SolutionProperties) = preSolution
		HideSolutionNode = FALSE
	EndGlobalSection
	GlobalSection(ExtensibilityGlobals) = postSolution
		SolutionGuid = {A62F86C0-498E-4789-8E14-F74D8C7F5CB2}
	EndGlobalSection
EndGlobal
